
Microsoft Visual Studio Solution File, Format Version 12.00
# Visual Studio 15
VisualStudioVersion = 15.0.28307.2092
MinimumVisualStudioVersion = 10.0.40219.1
Project("{FAE04EC0-301F-11D3-BF4B-00C04F79EFBC}") = "Lr1A", "Lr1A\Lr1A.csproj", "{4957DF09-8995-4E43-A3AB-D714573A6ABB}"
EndProject
Global
	GlobalSection(SolutionConfigurationPlatforms) = preSolution
		Debug|Any CPU = Debug|Any CPU
		Release|Any CPU = Release|Any CPU
	EndGlobalSection
	GlobalSection(ProjectConfigurationPlatforms) = postSolution
		{4957DF09-8995-4E43-A3AB-D714573A6ABB}.Debug|Any CPU.ActiveCfg = Debug|Any CPU
		{4957DF09-8995-4E43-A3AB-D714573A6ABB}.Debug|Any CPU.Build.0 = Debug|Any CPU
		{4957DF09-8995-4E43-A3AB-D714573A6ABB}.Release|Any CPU.ActiveCfg = Release|Any CPU
		{4957DF09-8995-4E43-A3AB-D714573A6ABB}.Release|Any CPU.Build.0 = Release|Any CPU
	EndGlobalSection
	GlobalSection(SolutionProperties) = preSolution
		HideSolutionNode = FALSE
	EndGlobalSection
	GlobalSection(ExtensibilityGlobals) = postSolution
		SolutionGuid = {E3B02770-7B71-4C3E-B9AB-A8E1152EFB72}
	EndGlobalSection
EndGlobal
